
Microsoft Visual Studio Solution File, Format Version 12.00
# Visual Studio Version 16
VisualStudioVersion = 16.0.30114.105
MinimumVisualStudioVersion = 10.0.40219.1
Project("{FAE04EC0-301F-11D3-BF4B-00C04F79EFBC}") = "R5T.Stratford", "R5T.Stratford\R5T.Stratford.csproj", "{9AEB299B-4853-45BE-90CD-9E42D6B3655F}"
EndProject
Project("{FAE04EC0-301F-11D3-BF4B-00C04F79EFBC}") = "R5T.Stratford.Construction", "R5T.Stratford.Construction\R5T.Stratford.Construction.csproj", "{D6684876-AE6C-4A4B-9042-D5F33725CF35}"
EndProject
Project("{2150E333-8FDC-42A3-9474-1A3956D46DE8}") = "_Dependencies", "_Dependencies", "{574D4FCA-8706-44B8-A6E2-ECF435D7A00C}"
EndProject
Project("{FAE04EC0-301F-11D3-BF4B-00C04F79EFBC}") = "R5T.T0064", "..\..\R5T.T0064\source\R5T.T0064\R5T.T0064.csproj", "{D16ED9A2-0429-488F-B389-54C9E6D455AB}"
EndProject
Global
	GlobalSection(SolutionConfigurationPlatforms) = preSolution
		Debug|Any CPU = Debug|Any CPU
		Debug|x64 = Debug|x64
		Debug|x86 = Debug|x86
		Release|Any CPU = Release|Any CPU
		Release|x64 = Release|x64
		Release|x86 = Release|x86
	EndGlobalSection
	GlobalSection(SolutionProperties) = preSolution
		HideSolutionNode = FALSE
	EndGlobalSection
	GlobalSection(ProjectConfigurationPlatforms) = postSolution
		{9AEB299B-4853-45BE-90CD-9E42D6B3655F}.Debug|Any CPU.ActiveCfg = Debug|Any CPU
		{9AEB299B-4853-45BE-90CD-9E42D6B3655F}.Debug|Any CPU.Build.0 = Debug|Any CPU
		{9AEB299B-4853-45BE-90CD-9E42D6B3655F}.Debug|x64.ActiveCfg = Debug|Any CPU
		{9AEB299B-4853-45BE-90CD-9E42D6B3655F}.Debug|x64.Build.0 = Debug|Any CPU
		{9AEB299B-4853-45BE-90CD-9E42D6B3655F}.Debug|x86.ActiveCfg = Debug|Any CPU
		{9AEB299B-4853-45BE-90CD-9E42D6B3655F}.Debug|x86.Build.0 = Debug|Any CPU
		{9AEB299B-4853-45BE-90CD-9E42D6B3655F}.Release|Any CPU.ActiveCfg = Release|Any CPU
		{9AEB299B-4853-45BE-90CD-9E42D6B3655F}.Release|Any CPU.Build.0 = Release|Any CPU
		{9AEB299B-4853-45BE-90CD-9E42D6B3655F}.Release|x64.ActiveCfg = Release|Any CPU
		{9AEB299B-4853-45BE-90CD-9E42D6B3655F}.Release|x64.Build.0 = Release|Any CPU
		{9AEB299B-4853-45BE-90CD-9E42D6B3655F}.Release|x86.ActiveCfg = Release|Any CPU
		{9AEB299B-4853-45BE-90CD-9E42D6B3655F}.Release|x86.Build.0 = Release|Any CPU
		{D6684876-AE6C-4A4B-9042-D5F33725CF35}.Debug|Any CPU.ActiveCfg = Debug|Any CPU
		{D6684876-AE6C-4A4B-9042-D5F33725CF35}.Debug|Any CPU.Build.0 = Debug|Any CPU
		{D6684876-AE6C-4A4B-9042-D5F33725CF35}.Debug|x64.ActiveCfg = Debug|Any CPU
		{D6684876-AE6C-4A4B-9042-D5F33725CF35}.Debug|x64.Build.0 = Debug|Any CPU
		{D6684876-AE6C-4A4B-9042-D5F33725CF35}.Debug|x86.ActiveCfg = Debug|Any CPU
		{D6684876-AE6C-4A4B-9042-D5F33725CF35}.Debug|x86.Build.0 = Debug|Any CPU
		{D6684876-AE6C-4A4B-9042-D5F33725CF35}.Release|Any CPU.ActiveCfg = Release|Any CPU
		{D6684876-AE6C-4A4B-9042-D5F33725CF35}.Release|Any CPU.Build.0 = Release|Any CPU
		{D6684876-AE6C-4A4B-9042-D5F33725CF35}.Release|x64.ActiveCfg = Release|Any CPU
		{D6684876-AE6C-4A4B-9042-D5F33725CF35}.Release|x64.Build.0 = Release|Any CPU
		{D6684876-AE6C-4A4B-9042-D5F33725CF35}.Release|x86.ActiveCfg = Release|Any CPU
		{D6684876-AE6C-4A4B-9042-D5F33725CF35}.Release|x86.Build.0 = Release|Any CPU
		{D16ED9A2-0429-488F-B389-54C9E6D455AB}.Debug|Any CPU.ActiveCfg = Debug|Any CPU
		{D16ED9A2-0429-488F-B389-54C9E6D455AB}.Debug|Any CPU.Build.0 = Debug|Any CPU
		{D16ED9A2-0429-488F-B389-54C9E6D455AB}.Debug|x64.ActiveCfg = Debug|Any CPU
		{D16ED9A2-0429-488F-B389-54C9E6D455AB}.Debug|x64.Build.0 = Debug|Any CPU
		{D16ED9A2-0429-488F-B389-54C9E6D455AB}.Debug|x86.ActiveCfg = Debug|Any CPU
		{D16ED9A2-0429-488F-B389-54C9E6D455AB}.Debug|x86.Build.0 = Debug|Any CPU
		{D16ED9A2-0429-488F-B389-54C9E6D455AB}.Release|Any CPU.ActiveCfg = Release|Any CPU
		{D16ED9A2-0429-488F-B389-54C9E6D455AB}.Release|Any CPU.Build.0 = Release|Any CPU
		{D16ED9A2-0429-488F-B389-54C9E6D455AB}.Release|x64.ActiveCfg = Release|Any CPU
		{D16ED9A2-0429-488F-B389-54C9E6D455AB}.Release|x64.Build.0 = Release|Any CPU
		{D16ED9A2-0429-488F-B389-54C9E6D455AB}.Release|x86.ActiveCfg = Release|Any CPU
		{D16ED9A2-0429-488F-B389-54C9E6D455AB}.Release|x86.Build.0 = Release|Any CPU
	EndGlobalSection
	GlobalSection(NestedProjects) = preSolution
		{D16ED9A2-0429-488F-B389-54C9E6D455AB} = {574D4FCA-8706-44B8-A6E2-ECF435D7A00C}
	EndGlobalSection
EndGlobal
